
Microsoft Visual Studio Solution File, Format Version 12.00
# Visual Studio Version 17
VisualStudioVersion = 17.5.002.0
MinimumVisualStudioVersion = 10.0.40219.1
Project("{9A19103F-16F7-4668-BE54-9A1E7A4F7556}") = "MAUIHybridBrowserStorage", "MAUIHybridBrowserStorage.csproj", "{498D571B-5C81-4B0D-9001-5B6974803248}"
EndProject
Global
	GlobalSection(SolutionConfigurationPlatforms) = preSolution
		Debug|Any CPU = Debug|Any CPU
		Release|Any CPU = Release|Any CPU
	EndGlobalSection
	GlobalSection(ProjectConfigurationPlatforms) = postSolution
		{498D571B-5C81-4B0D-9001-5B6974803248}.Debug|Any CPU.ActiveCfg = Debug|Any CPU
		{498D571B-5C81-4B0D-9001-5B6974803248}.Debug|Any CPU.Build.0 = Debug|Any CPU
		{498D571B-5C81-4B0D-9001-5B6974803248}.Release|Any CPU.ActiveCfg = Release|Any CPU
		{498D571B-5C81-4B0D-9001-5B6974803248}.Release|Any CPU.Build.0 = Release|Any CPU
	EndGlobalSection
	GlobalSection(SolutionProperties) = preSolution
		HideSolutionNode = FALSE
	EndGlobalSection
	GlobalSection(ExtensibilityGlobals) = postSolution
		SolutionGuid = {D278E983-7B86-4A07-A6A2-A3EA656B7856}
	EndGlobalSection
EndGlobal
